
Microsoft Visual Studio Solution File, Format Version 12.00
# Visual Studio Version 16
VisualStudioVersion = 16.0.31205.134
MinimumVisualStudioVersion = 10.0.40219.1
Project("{8BC9CEB8-8B4A-11D0-8D11-00A0C91BC942}") = "Microsoft.Toolkit.Win32.UI.XamlHost", "Microsoft.Toolkit.Win32.UI.XamlHost\Microsoft.Toolkit.Win32.UI.XamlHost.vcxproj", "{FC5DE608-F73F-40B4-81B8-7D3A7C6E6D2F}"
EndProject
Project("{FAE04EC0-301F-11D3-BF4B-00C04F79EFBC}") = "Microsoft.Toolkit.Win32.UI.XamlApplication.Package", "Microsoft.Toolkit.Win32.UI.XamlApplication.Package\Microsoft.Toolkit.Win32.UI.XamlApplication.Package.csproj", "{2764E517-F7A9-454E-8959-6A80D3F9B572}"
	ProjectSection(ProjectDependencies) = postProject
		{FC5DE608-F73F-40B4-81B8-7D3A7C6E6D2F} = {FC5DE608-F73F-40B4-81B8-7D3A7C6E6D2F}
	EndProjectSection
EndProject
Global
	GlobalSection(SolutionConfigurationPlatforms) = preSolution
		Debug|Any CPU = Debug|Any CPU
		Debug|x64 = Debug|x64
		Release|Any CPU = Release|Any CPU
		Release|x64 = Release|x64
	EndGlobalSection
	GlobalSection(ProjectConfigurationPlatforms) = postSolution
		{FC5DE608-F73F-40B4-81B8-7D3A7C6E6D2F}.Debug|Any CPU.ActiveCfg = Debug|x64
		{FC5DE608-F73F-40B4-81B8-7D3A7C6E6D2F}.Debug|x64.ActiveCfg = Debug|x64
		{FC5DE608-F73F-40B4-81B8-7D3A7C6E6D2F}.Debug|x64.Build.0 = Debug|x64
		{FC5DE608-F73F-40B4-81B8-7D3A7C6E6D2F}.Release|Any CPU.ActiveCfg = Release|x64
		{FC5DE608-F73F-40B4-81B8-7D3A7C6E6D2F}.Release|x64.ActiveCfg = Release|x64
		{FC5DE608-F73F-40B4-81B8-7D3A7C6E6D2F}.Release|x64.Build.0 = Release|x64
		{2764E517-F7A9-454E-8959-6A80D3F9B572}.Debug|Any CPU.ActiveCfg = Debug|Any CPU
		{2764E517-F7A9-454E-8959-6A80D3F9B572}.Debug|Any CPU.Build.0 = Debug|Any CPU
		{2764E517-F7A9-454E-8959-6A80D3F9B572}.Debug|x64.ActiveCfg = Debug|Any CPU
		{2764E517-F7A9-454E-8959-6A80D3F9B572}.Debug|x64.Build.0 = Debug|Any CPU
		{2764E517-F7A9-454E-8959-6A80D3F9B572}.Release|Any CPU.ActiveCfg = Release|Any CPU
		{2764E517-F7A9-454E-8959-6A80D3F9B572}.Release|Any CPU.Build.0 = Release|Any CPU
		{2764E517-F7A9-454E-8959-6A80D3F9B572}.Release|x64.ActiveCfg = Release|Any CPU
		{2764E517-F7A9-454E-8959-6A80D3F9B572}.Release|x64.Build.0 = Release|Any CPU
	EndGlobalSection
	GlobalSection(SolutionProperties) = preSolution
		HideSolutionNode = FALSE
	EndGlobalSection
	GlobalSection(ExtensibilityGlobals) = postSolution
		SolutionGuid = {61F5DA2C-23C8-4F36-9CFD-1C3C5FAFF3B2}
	EndGlobalSection
EndGlobal
