
Microsoft Visual Studio Solution File, Format Version 12.00
# Visual Studio Version 16
VisualStudioVersion = 16.0.31205.134
MinimumVisualStudioVersion = 10.0.40219.1
Project("{8BC9CEB8-8B4A-11D0-8D11-00A0C91BC942}") = "Microsoft.Toolkit.Win32.UI.XamlHost", "Microsoft.Toolkit.Win32.UI.XamlHost\Microsoft.Toolkit.Win32.UI.XamlHost.vcxproj", "{FC5DE608-F73F-40B4-81B8-7D3A7C6E6D2F}"
EndProject
Project("{9A19103F-16F7-4668-BE54-9A1E7A4F7556}") = "Microsoft.Toolkit.Win32.UI.XamlApplication.Package", "Microsoft.Toolkit.Win32.UI.XamlApplication.Package\Microsoft.Toolkit.Win32.UI.XamlApplication.Package.csproj", "{2764E517-F7A9-454E-8959-6A80D3F9B572}"
	ProjectSection(ProjectDependencies) = postProject
		{FC5DE608-F73F-40B4-81B8-7D3A7C6E6D2F} = {FC5DE608-F73F-40B4-81B8-7D3A7C6E6D2F}
	EndProjectSection
EndProject
Project("{9A19103F-16F7-4668-BE54-9A1E7A4F7556}") = "Microsoft.Toolkit.Win32.UI.XamlHost.Managed", "Microsoft.Toolkit.Win32.UI.XamlHost.Managed\Microsoft.Toolkit.Win32.UI.XamlHost.Managed.csproj", "{7D71C800-AABB-4C36-8D88-9F1AE7603D94}"
EndProject
Project("{9A19103F-16F7-4668-BE54-9A1E7A4F7556}") = "Microsoft.Toolkit.Win32.UI.SDK", "Microsoft.Toolkit.Win32.UI.SDK\Microsoft.Toolkit.Win32.UI.SDK.csproj", "{EBD235FF-C1A1-4D06-B2C5-CD9DA799E691}"
EndProject
Project("{2150E333-8FDC-42A3-9474-1A3956D46DE8}") = "Solution Items", "Solution Items", "{7FDD98CA-45D2-4EE6-A53A-FF2A5D0EE2D2}"
	ProjectSection(SolutionItems) = preProject
		Directory.Build.props = Directory.Build.props
		Microsoft.WinRT.Win32.targets = Microsoft.WinRT.Win32.targets
	EndProjectSection
EndProject
Project("{9A19103F-16F7-4668-BE54-9A1E7A4F7556}") = "WindowsSDKContracts", "WindowsSDKContracts\WindowsSDKContracts.csproj", "{AEEB148E-4071-4224-AACC-EBA554B98EE1}"
EndProject
Project("{9A19103F-16F7-4668-BE54-9A1E7A4F7556}") = "XamlHostContracts", "XamlHostContracts\XamlHostContracts.csproj", "{7E0AF747-D433-4F64-B4E1-67AC2D3EE8E1}"
EndProject
Project("{9A19103F-16F7-4668-BE54-9A1E7A4F7556}") = "Microsoft.Toolkit.Wpf.UI.XamlHost", "Microsoft.Toolkit.Wpf.UI.XamlHost\Microsoft.Toolkit.Wpf.UI.XamlHost.csproj", "{6ECF96B9-F23B-406C-98DA-F00FB93D4651}"
EndProject
Project("{9A19103F-16F7-4668-BE54-9A1E7A4F7556}") = "Microsoft.Toolkit.Wpf.UI.Controls", "Microsoft.Toolkit.Wpf.UI.Controls\Microsoft.Toolkit.Wpf.UI.Controls.csproj", "{B3412C39-625B-4E5B-A85B-26F9F36D3B02}"
EndProject
Project("{FAE04EC0-301F-11D3-BF4B-00C04F79EFBC}") = "Microsoft.Toolkit.Sample.UWP.App", "Microsoft.Toolkit.Sample.UWP.App\Microsoft.Toolkit.Sample.UWP.App.csproj", "{A65579DE-8B8E-49F9-B678-DADA19845EA9}"
EndProject
Project("{9A19103F-16F7-4668-BE54-9A1E7A4F7556}") = "Microsoft.Toolkit.Sample.Wpf.App", "Microsoft.Toolkit.Sample.Wpf.App\Microsoft.Toolkit.Sample.Wpf.App.csproj", "{6627D695-9823-48A0-945F-E3476C874232}"
EndProject
Project("{9A19103F-16F7-4668-BE54-9A1E7A4F7556}") = "WpfAppWithoutUwp", "WpfAppWithoutUwp\WpfAppWithoutUwp.csproj", "{D19A698A-AE6A-4A9B-AE60-971ACAD93737}"
EndProject
Project("{8BC9CEB8-8B4A-11D0-8D11-00A0C91BC942}") = "CppUwpApp", "CppUwpApp\CppUwpApp.vcxproj", "{E1D8793A-56FF-4B73-B18F-243327C882A0}"
EndProject
Global
	GlobalSection(SolutionConfigurationPlatforms) = preSolution
		Debug|Any CPU = Debug|Any CPU
		Debug|ARM = Debug|ARM
		Debug|ARM64 = Debug|ARM64
		Debug|x64 = Debug|x64
		Debug|x86 = Debug|x86
		Release|Any CPU = Release|Any CPU
		Release|ARM = Release|ARM
		Release|ARM64 = Release|ARM64
		Release|x64 = Release|x64
		Release|x86 = Release|x86
	EndGlobalSection
	GlobalSection(ProjectConfigurationPlatforms) = postSolution
		{FC5DE608-F73F-40B4-81B8-7D3A7C6E6D2F}.Debug|Any CPU.ActiveCfg = Debug|x64
		{FC5DE608-F73F-40B4-81B8-7D3A7C6E6D2F}.Debug|ARM.ActiveCfg = Debug|x64
		{FC5DE608-F73F-40B4-81B8-7D3A7C6E6D2F}.Debug|ARM64.ActiveCfg = Debug|x64
		{FC5DE608-F73F-40B4-81B8-7D3A7C6E6D2F}.Debug|x64.ActiveCfg = Debug|x64
		{FC5DE608-F73F-40B4-81B8-7D3A7C6E6D2F}.Debug|x64.Build.0 = Debug|x64
		{FC5DE608-F73F-40B4-81B8-7D3A7C6E6D2F}.Debug|x86.ActiveCfg = Debug|x64
		{FC5DE608-F73F-40B4-81B8-7D3A7C6E6D2F}.Release|Any CPU.ActiveCfg = Release|x64
		{FC5DE608-F73F-40B4-81B8-7D3A7C6E6D2F}.Release|ARM.ActiveCfg = Release|x64
		{FC5DE608-F73F-40B4-81B8-7D3A7C6E6D2F}.Release|ARM64.ActiveCfg = Release|x64
		{FC5DE608-F73F-40B4-81B8-7D3A7C6E6D2F}.Release|x64.ActiveCfg = Release|x64
		{FC5DE608-F73F-40B4-81B8-7D3A7C6E6D2F}.Release|x64.Build.0 = Release|x64
		{FC5DE608-F73F-40B4-81B8-7D3A7C6E6D2F}.Release|x86.ActiveCfg = Release|x64
		{2764E517-F7A9-454E-8959-6A80D3F9B572}.Debug|Any CPU.ActiveCfg = Debug|x64
		{2764E517-F7A9-454E-8959-6A80D3F9B572}.Debug|ARM.ActiveCfg = Debug|x64
		{2764E517-F7A9-454E-8959-6A80D3F9B572}.Debug|ARM64.ActiveCfg = Debug|x64
		{2764E517-F7A9-454E-8959-6A80D3F9B572}.Debug|x64.ActiveCfg = Debug|x64
		{2764E517-F7A9-454E-8959-6A80D3F9B572}.Debug|x64.Build.0 = Debug|x64
		{2764E517-F7A9-454E-8959-6A80D3F9B572}.Debug|x86.ActiveCfg = Debug|x64
		{2764E517-F7A9-454E-8959-6A80D3F9B572}.Release|Any CPU.ActiveCfg = Release|x64
		{2764E517-F7A9-454E-8959-6A80D3F9B572}.Release|ARM.ActiveCfg = Release|x64
		{2764E517-F7A9-454E-8959-6A80D3F9B572}.Release|ARM64.ActiveCfg = Release|x64
		{2764E517-F7A9-454E-8959-6A80D3F9B572}.Release|x64.ActiveCfg = Release|x64
		{2764E517-F7A9-454E-8959-6A80D3F9B572}.Release|x86.ActiveCfg = Release|x64
		{7D71C800-AABB-4C36-8D88-9F1AE7603D94}.Debug|Any CPU.ActiveCfg = Debug|x64
		{7D71C800-AABB-4C36-8D88-9F1AE7603D94}.Debug|ARM.ActiveCfg = Debug|x64
		{7D71C800-AABB-4C36-8D88-9F1AE7603D94}.Debug|ARM64.ActiveCfg = Debug|x64
		{7D71C800-AABB-4C36-8D88-9F1AE7603D94}.Debug|x64.ActiveCfg = Debug|x64
		{7D71C800-AABB-4C36-8D88-9F1AE7603D94}.Debug|x64.Build.0 = Debug|x64
		{7D71C800-AABB-4C36-8D88-9F1AE7603D94}.Debug|x86.ActiveCfg = Debug|x64
		{7D71C800-AABB-4C36-8D88-9F1AE7603D94}.Release|Any CPU.ActiveCfg = Release|x64
		{7D71C800-AABB-4C36-8D88-9F1AE7603D94}.Release|ARM.ActiveCfg = Release|x64
		{7D71C800-AABB-4C36-8D88-9F1AE7603D94}.Release|ARM64.ActiveCfg = Release|x64
		{7D71C800-AABB-4C36-8D88-9F1AE7603D94}.Release|x64.ActiveCfg = Release|x64
		{7D71C800-AABB-4C36-8D88-9F1AE7603D94}.Release|x86.ActiveCfg = Release|x64
		{EBD235FF-C1A1-4D06-B2C5-CD9DA799E691}.Debug|Any CPU.ActiveCfg = Debug|x64
		{EBD235FF-C1A1-4D06-B2C5-CD9DA799E691}.Debug|ARM.ActiveCfg = Debug|x64
		{EBD235FF-C1A1-4D06-B2C5-CD9DA799E691}.Debug|ARM64.ActiveCfg = Debug|x64
		{EBD235FF-C1A1-4D06-B2C5-CD9DA799E691}.Debug|x64.ActiveCfg = Debug|x64
		{EBD235FF-C1A1-4D06-B2C5-CD9DA799E691}.Debug|x64.Build.0 = Debug|x64
		{EBD235FF-C1A1-4D06-B2C5-CD9DA799E691}.Debug|x86.ActiveCfg = Debug|x64
		{EBD235FF-C1A1-4D06-B2C5-CD9DA799E691}.Release|Any CPU.ActiveCfg = Release|x64
		{EBD235FF-C1A1-4D06-B2C5-CD9DA799E691}.Release|ARM.ActiveCfg = Release|x64
		{EBD235FF-C1A1-4D06-B2C5-CD9DA799E691}.Release|ARM64.ActiveCfg = Release|x64
		{EBD235FF-C1A1-4D06-B2C5-CD9DA799E691}.Release|x64.ActiveCfg = Release|x64
		{EBD235FF-C1A1-4D06-B2C5-CD9DA799E691}.Release|x86.ActiveCfg = Release|x64
		{AEEB148E-4071-4224-AACC-EBA554B98EE1}.Debug|Any CPU.ActiveCfg = Debug|x64
		{AEEB148E-4071-4224-AACC-EBA554B98EE1}.Debug|ARM.ActiveCfg = Debug|x64
		{AEEB148E-4071-4224-AACC-EBA554B98EE1}.Debug|ARM64.ActiveCfg = Debug|x64
		{AEEB148E-4071-4224-AACC-EBA554B98EE1}.Debug|x64.ActiveCfg = Debug|x64
		{AEEB148E-4071-4224-AACC-EBA554B98EE1}.Debug|x64.Build.0 = Debug|x64
		{AEEB148E-4071-4224-AACC-EBA554B98EE1}.Debug|x86.ActiveCfg = Debug|x64
		{AEEB148E-4071-4224-AACC-EBA554B98EE1}.Release|Any CPU.ActiveCfg = Release|x64
		{AEEB148E-4071-4224-AACC-EBA554B98EE1}.Release|ARM.ActiveCfg = Release|x64
		{AEEB148E-4071-4224-AACC-EBA554B98EE1}.Release|ARM64.ActiveCfg = Release|x64
		{AEEB148E-4071-4224-AACC-EBA554B98EE1}.Release|x64.ActiveCfg = Release|x64
		{AEEB148E-4071-4224-AACC-EBA554B98EE1}.Release|x86.ActiveCfg = Release|x64
		{7E0AF747-D433-4F64-B4E1-67AC2D3EE8E1}.Debug|Any CPU.ActiveCfg = Debug|x64
		{7E0AF747-D433-4F64-B4E1-67AC2D3EE8E1}.Debug|ARM.ActiveCfg = Debug|x64
		{7E0AF747-D433-4F64-B4E1-67AC2D3EE8E1}.Debug|ARM64.ActiveCfg = Debug|x64
		{7E0AF747-D433-4F64-B4E1-67AC2D3EE8E1}.Debug|x64.ActiveCfg = Debug|x64
		{7E0AF747-D433-4F64-B4E1-67AC2D3EE8E1}.Debug|x64.Build.0 = Debug|x64
		{7E0AF747-D433-4F64-B4E1-67AC2D3EE8E1}.Debug|x86.ActiveCfg = Debug|x64
		{7E0AF747-D433-4F64-B4E1-67AC2D3EE8E1}.Release|Any CPU.ActiveCfg = Release|x64
		{7E0AF747-D433-4F64-B4E1-67AC2D3EE8E1}.Release|ARM.ActiveCfg = Release|x64
		{7E0AF747-D433-4F64-B4E1-67AC2D3EE8E1}.Release|ARM64.ActiveCfg = Release|x64
		{7E0AF747-D433-4F64-B4E1-67AC2D3EE8E1}.Release|x64.ActiveCfg = Release|x64
		{7E0AF747-D433-4F64-B4E1-67AC2D3EE8E1}.Release|x86.ActiveCfg = Release|x64
		{6ECF96B9-F23B-406C-98DA-F00FB93D4651}.Debug|Any CPU.ActiveCfg = Debug|x64
		{6ECF96B9-F23B-406C-98DA-F00FB93D4651}.Debug|ARM.ActiveCfg = Debug|x64
		{6ECF96B9-F23B-406C-98DA-F00FB93D4651}.Debug|ARM64.ActiveCfg = Debug|x64
		{6ECF96B9-F23B-406C-98DA-F00FB93D4651}.Debug|x64.ActiveCfg = Debug|x64
		{6ECF96B9-F23B-406C-98DA-F00FB93D4651}.Debug|x64.Build.0 = Debug|x64
		{6ECF96B9-F23B-406C-98DA-F00FB93D4651}.Debug|x86.ActiveCfg = Debug|x64
		{6ECF96B9-F23B-406C-98DA-F00FB93D4651}.Release|Any CPU.ActiveCfg = Release|x64
		{6ECF96B9-F23B-406C-98DA-F00FB93D4651}.Release|ARM.ActiveCfg = Release|x64
		{6ECF96B9-F23B-406C-98DA-F00FB93D4651}.Release|ARM64.ActiveCfg = Release|x64
		{6ECF96B9-F23B-406C-98DA-F00FB93D4651}.Release|x64.ActiveCfg = Release|x64
		{6ECF96B9-F23B-406C-98DA-F00FB93D4651}.Release|x86.ActiveCfg = Release|x64
		{B3412C39-625B-4E5B-A85B-26F9F36D3B02}.Debug|Any CPU.ActiveCfg = Debug|x64
		{B3412C39-625B-4E5B-A85B-26F9F36D3B02}.Debug|ARM.ActiveCfg = Debug|x64
		{B3412C39-625B-4E5B-A85B-26F9F36D3B02}.Debug|ARM64.ActiveCfg = Debug|x64
		{B3412C39-625B-4E5B-A85B-26F9F36D3B02}.Debug|x64.ActiveCfg = Debug|x64
		{B3412C39-625B-4E5B-A85B-26F9F36D3B02}.Debug|x64.Build.0 = Debug|x64
		{B3412C39-625B-4E5B-A85B-26F9F36D3B02}.Debug|x86.ActiveCfg = Debug|x64
		{B3412C39-625B-4E5B-A85B-26F9F36D3B02}.Release|Any CPU.ActiveCfg = Release|Any CPU
		{B3412C39-625B-4E5B-A85B-26F9F36D3B02}.Release|Any CPU.Build.0 = Release|Any CPU
		{B3412C39-625B-4E5B-A85B-26F9F36D3B02}.Release|ARM.ActiveCfg = Release|Any CPU
		{B3412C39-625B-4E5B-A85B-26F9F36D3B02}.Release|ARM.Build.0 = Release|Any CPU
		{B3412C39-625B-4E5B-A85B-26F9F36D3B02}.Release|ARM64.ActiveCfg = Release|Any CPU
		{B3412C39-625B-4E5B-A85B-26F9F36D3B02}.Release|ARM64.Build.0 = Release|Any CPU
		{B3412C39-625B-4E5B-A85B-26F9F36D3B02}.Release|x64.ActiveCfg = Release|Any CPU
		{B3412C39-625B-4E5B-A85B-26F9F36D3B02}.Release|x64.Build.0 = Release|Any CPU
		{B3412C39-625B-4E5B-A85B-26F9F36D3B02}.Release|x86.ActiveCfg = Release|Any CPU
		{B3412C39-625B-4E5B-A85B-26F9F36D3B02}.Release|x86.Build.0 = Release|Any CPU
		{A65579DE-8B8E-49F9-B678-DADA19845EA9}.Debug|Any CPU.ActiveCfg = Debug|Any CPU
		{A65579DE-8B8E-49F9-B678-DADA19845EA9}.Debug|Any CPU.Build.0 = Debug|Any CPU
		{A65579DE-8B8E-49F9-B678-DADA19845EA9}.Debug|Any CPU.Deploy.0 = Debug|Any CPU
		{A65579DE-8B8E-49F9-B678-DADA19845EA9}.Debug|ARM.ActiveCfg = Debug|Any CPU
		{A65579DE-8B8E-49F9-B678-DADA19845EA9}.Debug|ARM.Build.0 = Debug|Any CPU
		{A65579DE-8B8E-49F9-B678-DADA19845EA9}.Debug|ARM.Deploy.0 = Debug|Any CPU
		{A65579DE-8B8E-49F9-B678-DADA19845EA9}.Debug|ARM64.ActiveCfg = Debug|Any CPU
		{A65579DE-8B8E-49F9-B678-DADA19845EA9}.Debug|ARM64.Build.0 = Debug|Any CPU
		{A65579DE-8B8E-49F9-B678-DADA19845EA9}.Debug|ARM64.Deploy.0 = Debug|Any CPU
		{A65579DE-8B8E-49F9-B678-DADA19845EA9}.Debug|x64.ActiveCfg = Debug|x64
		{A65579DE-8B8E-49F9-B678-DADA19845EA9}.Debug|x64.Build.0 = Debug|x64
		{A65579DE-8B8E-49F9-B678-DADA19845EA9}.Debug|x64.Deploy.0 = Debug|x64
		{A65579DE-8B8E-49F9-B678-DADA19845EA9}.Debug|x86.ActiveCfg = Debug|x86
		{A65579DE-8B8E-49F9-B678-DADA19845EA9}.Debug|x86.Build.0 = Debug|x86
		{A65579DE-8B8E-49F9-B678-DADA19845EA9}.Debug|x86.Deploy.0 = Debug|x86
		{A65579DE-8B8E-49F9-B678-DADA19845EA9}.Release|Any CPU.ActiveCfg = Release|Any CPU
		{A65579DE-8B8E-49F9-B678-DADA19845EA9}.Release|Any CPU.Build.0 = Release|Any CPU
		{A65579DE-8B8E-49F9-B678-DADA19845EA9}.Release|Any CPU.Deploy.0 = Release|Any CPU
		{A65579DE-8B8E-49F9-B678-DADA19845EA9}.Release|ARM.ActiveCfg = Release|Any CPU
		{A65579DE-8B8E-49F9-B678-DADA19845EA9}.Release|ARM.Build.0 = Release|Any CPU
		{A65579DE-8B8E-49F9-B678-DADA19845EA9}.Release|ARM.Deploy.0 = Release|Any CPU
		{A65579DE-8B8E-49F9-B678-DADA19845EA9}.Release|ARM64.ActiveCfg = Release|Any CPU
		{A65579DE-8B8E-49F9-B678-DADA19845EA9}.Release|ARM64.Build.0 = Release|Any CPU
		{A65579DE-8B8E-49F9-B678-DADA19845EA9}.Release|ARM64.Deploy.0 = Release|Any CPU
		{A65579DE-8B8E-49F9-B678-DADA19845EA9}.Release|x64.ActiveCfg = Release|x64
		{A65579DE-8B8E-49F9-B678-DADA19845EA9}.Release|x64.Build.0 = Release|x64
		{A65579DE-8B8E-49F9-B678-DADA19845EA9}.Release|x64.Deploy.0 = Release|x64
		{A65579DE-8B8E-49F9-B678-DADA19845EA9}.Release|x86.ActiveCfg = Release|x86
		{A65579DE-8B8E-49F9-B678-DADA19845EA9}.Release|x86.Build.0 = Release|x86
		{A65579DE-8B8E-49F9-B678-DADA19845EA9}.Release|x86.Deploy.0 = Release|x86
		{6627D695-9823-48A0-945F-E3476C874232}.Debug|Any CPU.ActiveCfg = Debug|x64
		{6627D695-9823-48A0-945F-E3476C874232}.Debug|ARM.ActiveCfg = Debug|x64
		{6627D695-9823-48A0-945F-E3476C874232}.Debug|ARM64.ActiveCfg = Debug|x64
		{6627D695-9823-48A0-945F-E3476C874232}.Debug|x64.ActiveCfg = Debug|x64
		{6627D695-9823-48A0-945F-E3476C874232}.Debug|x64.Build.0 = Debug|x64
		{6627D695-9823-48A0-945F-E3476C874232}.Debug|x86.ActiveCfg = Debug|x64
		{6627D695-9823-48A0-945F-E3476C874232}.Release|Any CPU.ActiveCfg = Release|x64
		{6627D695-9823-48A0-945F-E3476C874232}.Release|ARM.ActiveCfg = Release|x64
		{6627D695-9823-48A0-945F-E3476C874232}.Release|ARM64.ActiveCfg = Release|x64
		{6627D695-9823-48A0-945F-E3476C874232}.Release|x64.ActiveCfg = Release|x64
		{6627D695-9823-48A0-945F-E3476C874232}.Release|x86.ActiveCfg = Release|x64
		{D19A698A-AE6A-4A9B-AE60-971ACAD93737}.Debug|Any CPU.ActiveCfg = Debug|x64
		{D19A698A-AE6A-4A9B-AE60-971ACAD93737}.Debug|ARM.ActiveCfg = Debug|x64
		{D19A698A-AE6A-4A9B-AE60-971ACAD93737}.Debug|ARM64.ActiveCfg = Debug|x64
		{D19A698A-AE6A-4A9B-AE60-971ACAD93737}.Debug|x64.ActiveCfg = Debug|x64
		{D19A698A-AE6A-4A9B-AE60-971ACAD93737}.Debug|x64.Build.0 = Debug|x64
		{D19A698A-AE6A-4A9B-AE60-971ACAD93737}.Debug|x86.ActiveCfg = Debug|x64
		{D19A698A-AE6A-4A9B-AE60-971ACAD93737}.Release|Any CPU.ActiveCfg = Release|x64
		{D19A698A-AE6A-4A9B-AE60-971ACAD93737}.Release|ARM.ActiveCfg = Release|x64
		{D19A698A-AE6A-4A9B-AE60-971ACAD93737}.Release|ARM64.ActiveCfg = Release|x64
		{D19A698A-AE6A-4A9B-AE60-971ACAD93737}.Release|x64.ActiveCfg = Release|x64
		{D19A698A-AE6A-4A9B-AE60-971ACAD93737}.Release|x86.ActiveCfg = Release|x64
		{E1D8793A-56FF-4B73-B18F-243327C882A0}.Debug|Any CPU.ActiveCfg = Debug|Win32
		{E1D8793A-56FF-4B73-B18F-243327C882A0}.Debug|ARM.ActiveCfg = Debug|ARM
		{E1D8793A-56FF-4B73-B18F-243327C882A0}.Debug|ARM.Build.0 = Debug|ARM
		{E1D8793A-56FF-4B73-B18F-243327C882A0}.Debug|ARM.Deploy.0 = Debug|ARM
		{E1D8793A-56FF-4B73-B18F-243327C882A0}.Debug|ARM64.ActiveCfg = Debug|ARM64
		{E1D8793A-56FF-4B73-B18F-243327C882A0}.Debug|ARM64.Build.0 = Debug|ARM64
		{E1D8793A-56FF-4B73-B18F-243327C882A0}.Debug|ARM64.Deploy.0 = Debug|ARM64
		{E1D8793A-56FF-4B73-B18F-243327C882A0}.Debug|x64.ActiveCfg = Debug|x64
		{E1D8793A-56FF-4B73-B18F-243327C882A0}.Debug|x64.Build.0 = Debug|x64
		{E1D8793A-56FF-4B73-B18F-243327C882A0}.Debug|x64.Deploy.0 = Debug|x64
		{E1D8793A-56FF-4B73-B18F-243327C882A0}.Debug|x86.ActiveCfg = Debug|Win32
		{E1D8793A-56FF-4B73-B18F-243327C882A0}.Debug|x86.Build.0 = Debug|Win32
		{E1D8793A-56FF-4B73-B18F-243327C882A0}.Debug|x86.Deploy.0 = Debug|Win32
		{E1D8793A-56FF-4B73-B18F-243327C882A0}.Release|Any CPU.ActiveCfg = Release|Win32
		{E1D8793A-56FF-4B73-B18F-243327C882A0}.Release|ARM.ActiveCfg = Release|ARM
		{E1D8793A-56FF-4B73-B18F-243327C882A0}.Release|ARM.Build.0 = Release|ARM
		{E1D8793A-56FF-4B73-B18F-243327C882A0}.Release|ARM.Deploy.0 = Release|ARM
		{E1D8793A-56FF-4B73-B18F-243327C882A0}.Release|ARM64.ActiveCfg = Release|ARM64
		{E1D8793A-56FF-4B73-B18F-243327C882A0}.Release|ARM64.Build.0 = Release|ARM64
		{E1D8793A-56FF-4B73-B18F-243327C882A0}.Release|ARM64.Deploy.0 = Release|ARM64
		{E1D8793A-56FF-4B73-B18F-243327C882A0}.Release|x64.ActiveCfg = Release|x64
		{E1D8793A-56FF-4B73-B18F-243327C882A0}.Release|x64.Build.0 = Release|x64
		{E1D8793A-56FF-4B73-B18F-243327C882A0}.Release|x64.Deploy.0 = Release|x64
		{E1D8793A-56FF-4B73-B18F-243327C882A0}.Release|x86.ActiveCfg = Release|Win32
		{E1D8793A-56FF-4B73-B18F-243327C882A0}.Release|x86.Build.0 = Release|Win32
		{E1D8793A-56FF-4B73-B18F-243327C882A0}.Release|x86.Deploy.0 = Release|Win32
	EndGlobalSection
	GlobalSection(SolutionProperties) = preSolution
		HideSolutionNode = FALSE
	EndGlobalSection
	GlobalSection(ExtensibilityGlobals) = postSolution
		SolutionGuid = {61F5DA2C-23C8-4F36-9CFD-1C3C5FAFF3B2}
	EndGlobalSection
EndGlobal
